
Microsoft Visual Studio Solution File, Format Version 12.00
Project("{2150E333-8FDC-42A3-9474-1A3956D46DE8}") = "src", "src", "{7DE98BF6-DC2A-4B86-91F2-A69B633E45FC}"
EndProject
Project("{2150E333-8FDC-42A3-9474-1A3956D46DE8}") = "tests", "tests", "{ED4EA606-69A3-4459-8BBF-0F1578E67C40}"
EndProject
Project("{FAE04EC0-301F-11D3-BF4B-00C04F79EFBC}") = "Spectron", "src\Spectron\Spectron.csproj", "{C60D08C5-964F-48E6-BA67-BB14AA63AA6D}"
EndProject
Project("{FAE04EC0-301F-11D3-BF4B-00C04F79EFBC}") = "Spectron.Emulation", "src\Spectron.Emulation\Spectron.Emulation.csproj", "{B8978359-FFBB-4979-A990-DA54963E4724}"
EndProject
Project("{FAE04EC0-301F-11D3-BF4B-00C04F79EFBC}") = "Spectron.Emulator.Tests", "tests\Spectron.Emulator.Tests\Spectron.Emulator.Tests.csproj", "{10F6D919-AF27-4920-A67E-872C03C45405}"
EndProject
Project("{FAE04EC0-301F-11D3-BF4B-00C04F79EFBC}") = "Benchmarking", "src\Benchmarking\Benchmarking.csproj", "{E219A0C1-4FD2-4C1D-95AE-74C585E77DD6}"
EndProject
Global
	GlobalSection(SolutionConfigurationPlatforms) = preSolution
		Debug|Any CPU = Debug|Any CPU
		Release|Any CPU = Release|Any CPU
	EndGlobalSection
	GlobalSection(NestedProjects) = preSolution
		{C60D08C5-964F-48E6-BA67-BB14AA63AA6D} = {7DE98BF6-DC2A-4B86-91F2-A69B633E45FC}
		{B8978359-FFBB-4979-A990-DA54963E4724} = {7DE98BF6-DC2A-4B86-91F2-A69B633E45FC}
		{10F6D919-AF27-4920-A67E-872C03C45405} = {ED4EA606-69A3-4459-8BBF-0F1578E67C40}
		{E219A0C1-4FD2-4C1D-95AE-74C585E77DD6} = {7DE98BF6-DC2A-4B86-91F2-A69B633E45FC}
	EndGlobalSection
	GlobalSection(ProjectConfigurationPlatforms) = postSolution
		{C60D08C5-964F-48E6-BA67-BB14AA63AA6D}.Debug|Any CPU.ActiveCfg = Debug|Any CPU
		{C60D08C5-964F-48E6-BA67-BB14AA63AA6D}.Debug|Any CPU.Build.0 = Debug|Any CPU
		{C60D08C5-964F-48E6-BA67-BB14AA63AA6D}.Release|Any CPU.ActiveCfg = Release|Any CPU
		{C60D08C5-964F-48E6-BA67-BB14AA63AA6D}.Release|Any CPU.Build.0 = Release|Any CPU
		{B8978359-FFBB-4979-A990-DA54963E4724}.Debug|Any CPU.ActiveCfg = Debug|Any CPU
		{B8978359-FFBB-4979-A990-DA54963E4724}.Debug|Any CPU.Build.0 = Debug|Any CPU
		{B8978359-FFBB-4979-A990-DA54963E4724}.Release|Any CPU.ActiveCfg = Release|Any CPU
		{B8978359-FFBB-4979-A990-DA54963E4724}.Release|Any CPU.Build.0 = Release|Any CPU
		{10F6D919-AF27-4920-A67E-872C03C45405}.Debug|Any CPU.ActiveCfg = Debug|Any CPU
		{10F6D919-AF27-4920-A67E-872C03C45405}.Debug|Any CPU.Build.0 = Debug|Any CPU
		{10F6D919-AF27-4920-A67E-872C03C45405}.Release|Any CPU.ActiveCfg = Release|Any CPU
		{10F6D919-AF27-4920-A67E-872C03C45405}.Release|Any CPU.Build.0 = Release|Any CPU
		{E219A0C1-4FD2-4C1D-95AE-74C585E77DD6}.Debug|Any CPU.ActiveCfg = Debug|Any CPU
		{E219A0C1-4FD2-4C1D-95AE-74C585E77DD6}.Debug|Any CPU.Build.0 = Debug|Any CPU
		{E219A0C1-4FD2-4C1D-95AE-74C585E77DD6}.Release|Any CPU.ActiveCfg = Release|Any CPU
		{E219A0C1-4FD2-4C1D-95AE-74C585E77DD6}.Release|Any CPU.Build.0 = Release|Any CPU
	EndGlobalSection
EndGlobal
